
Microsoft Visual Studio Solution File, Format Version 12.00
# Visual Studio Version 16
VisualStudioVersion = 16.0.31515.178
MinimumVisualStudioVersion = 10.0.40219.1
Project("{9A19103F-16F7-4668-BE54-9A1E7A4F7556}") = "First", "First.csproj", "{F10094BF-07C3-49D4-9C4E-0667B651893B}"
EndProject
Global
	GlobalSection(SolutionConfigurationPlatforms) = preSolution
		Debug|Any CPU = Debug|Any CPU
		Release|Any CPU = Release|Any CPU
	EndGlobalSection
	GlobalSection(ProjectConfigurationPlatforms) = postSolution
		{F10094BF-07C3-49D4-9C4E-0667B651893B}.Debug|Any CPU.ActiveCfg = Debug|Any CPU
		{F10094BF-07C3-49D4-9C4E-0667B651893B}.Debug|Any CPU.Build.0 = Debug|Any CPU
		{F10094BF-07C3-49D4-9C4E-0667B651893B}.Release|Any CPU.ActiveCfg = Release|Any CPU
		{F10094BF-07C3-49D4-9C4E-0667B651893B}.Release|Any CPU.Build.0 = Release|Any CPU
	EndGlobalSection
	GlobalSection(SolutionProperties) = preSolution
		HideSolutionNode = FALSE
	EndGlobalSection
	GlobalSection(ExtensibilityGlobals) = postSolution
		SolutionGuid = {C7512E97-DA63-40E7-B257-B5EBB4BDFD29}
	EndGlobalSection
EndGlobal
